{
  "version": 4,
  "terraform_version": "1.11.4",
  "serial": 69,
  "lineage": "91e386c9-df95-71e9-477c-3be2443fb4c8",
  "outputs": {
    "bucket_name": {
      "value": "www.anjaniportfolio.com",
      "type": "string"
    },
    "bucket_url": {
      "value": "http://www.anjaniportfolio.com.storage.googleapis.com",
      "type": "string"
    }
  },
  "resources": [
    {
      "mode": "managed",
      "type": "google_compute_backend_bucket",
      "name": "static_site",
      "provider": "provider[\"registry.terraform.io/hashicorp/google\"]",
      "instances": [
        {
          "schema_version": 0,
          "attributes": {
            "bucket_name": "www.anjaniportfolio.com",
            "cdn_policy": [
              {
                "bypass_cache_on_request_headers": [],
                "cache_key_policy": [],
                "cache_mode": "CACHE_ALL_STATIC",
                "client_ttl": 3600,
                "default_ttl": 3600,
                "max_ttl": 86400,
                "negative_caching": false,
                "negative_caching_policy": [],
                "request_coalescing": true,
                "serve_while_stale": 0,
                "signed_url_cache_max_age_sec": 0
              }
            ],
            "compression_mode": "",
            "creation_timestamp": "2025-05-19T19:36:11.780-07:00",
            "custom_response_headers": [],
            "description": "",
            "edge_security_policy": "",
            "enable_cdn": true,
            "id": "projects/anjani-portfolio/global/backendBuckets/anjaniportfoliobn",
            "name": "anjaniportfoliobn",
            "project": "anjani-portfolio",
            "self_link": "https://www.googleapis.com/compute/v1/projects/anjani-portfolio/global/backendBuckets/anjaniportfoliobn",
            "timeouts": null
          },
          "sensitive_attributes": [],
          "private": "eyJlMmJmYjczMC1lY2FhLTExZTYtOGY4OC0zNDM2M2JjN2M0YzAiOnsiY3JlYXRlIjoxMjAwMDAwMDAwMDAwLCJkZWxldGUiOjEyMDAwMDAwMDAwMDAsInVwZGF0ZSI6MTIwMDAwMDAwMDAwMH19"
        }
      ]
    }
  ],
  "check_results": null
}
